
Microsoft Visual Studio Solution File, Format Version 12.00
# Visual Studio Version 17
VisualStudioVersion = 17.10.35027.167
MinimumVisualStudioVersion = 10.0.40219.1
Project("{FAE04EC0-301F-11D3-BF4B-00C04F79EFBC}") = "CSharp_Ejercicio9", "CSharp_Ejercicio9\CSharp_Ejercicio9.csproj", "{11F0C51F-F737-4AEB-B9D5-FB2E4855AA7E}"
EndProject
Global
	GlobalSection(SolutionConfigurationPlatforms) = preSolution
		Debug|Any CPU = Debug|Any CPU
		Release|Any CPU = Release|Any CPU
	EndGlobalSection
	GlobalSection(ProjectConfigurationPlatforms) = postSolution
		{11F0C51F-F737-4AEB-B9D5-FB2E4855AA7E}.Debug|Any CPU.ActiveCfg = Debug|Any CPU
		{11F0C51F-F737-4AEB-B9D5-FB2E4855AA7E}.Debug|Any CPU.Build.0 = Debug|Any CPU
		{11F0C51F-F737-4AEB-B9D5-FB2E4855AA7E}.Release|Any CPU.ActiveCfg = Release|Any CPU
		{11F0C51F-F737-4AEB-B9D5-FB2E4855AA7E}.Release|Any CPU.Build.0 = Release|Any CPU
	EndGlobalSection
	GlobalSection(SolutionProperties) = preSolution
		HideSolutionNode = FALSE
	EndGlobalSection
	GlobalSection(ExtensibilityGlobals) = postSolution
		SolutionGuid = {F8662E58-61CB-4CAF-9EE8-3A6AABC97348}
	EndGlobalSection
EndGlobal
